lockfileVersion: '6.0'

settings:
  autoInstallPeers: true
  excludeLinksFromLockfile: false

dependencies:
  '@liveblocks/client':
    specifier: ^1.9.6
    version: 1.9.6
  '@liveblocks/react':
    specifier: ^1.9.6
    version: 1.9.6(react@18.2.0)
  '@liveblocks/zustand':
    specifier: ^1.9.6
    version: 1.9.6(zustand@4.4.7)
  '@types/node':
    specifier: 18.13.0
    version: 18.13.0
  '@types/react':
    specifier: 18.0.28
    version: 18.0.28
  '@types/react-dom':
    specifier: 18.0.11
    version: 18.0.11
  next:
    specifier: 13.1.6
    version: 13.1.6(react-dom@18.2.0)(react@18.2.0)
  react:
    specifier: 18.2.0
    version: 18.2.0
  react-dom:
    specifier: 18.2.0
    version: 18.2.0(react@18.2.0)
  reactflow:
    specifier: ^11.5.6
    version: 11.10.1(@types/react@18.0.28)(react-dom@18.2.0)(react@18.2.0)
  typescript:
    specifier: 4.9.5
    version: 4.9.5

packages:

  /@liveblocks/client@1.9.6:
    resolution: {integrity: sha512-Q1q0nq3bsrVpuWmFPpdbWo5ho4Fn/ZGkkcnPQ4SyehdcqI47sJrwkI2Jd0qPyOHWMf/5b16Mno+8TJua6EjTfQ==}
    dependencies:
      '@liveblocks/core': 1.9.6
    dev: false

  /@liveblocks/core@1.9.6:
    resolution: {integrity: sha512-59pnSthhBP5RGOODMBSYExeGKIaPnif5Z7vw5D0ybDwMLGxb9Wp5xCK5xMFW+/NLobZ+LKVeKBBVWcV4O4i33Q==}
    dev: false

  /@liveblocks/react@1.9.6(react@18.2.0):
    resolution: {integrity: sha512-IhlSCi81KEuMXmkwqrOFg5CRyNrF73ytZxvQlN7xBaL/lrUv5u7V1wVQ23x7IWbzZTxBjBhwuLcP8JgNK5l6cQ==}
    peerDependencies:
      react: ^16.14.0 || ^17 || ^18
    dependencies:
      '@liveblocks/client': 1.9.6
      '@liveblocks/core': 1.9.6
      nanoid: 3.3.7
      react: 18.2.0
      use-sync-external-store: 1.2.0(react@18.2.0)
    dev: false

  /@liveblocks/zustand@1.9.6(zustand@4.4.7):
    resolution: {integrity: sha512-f4eP+DhVgPMANsNVNu551yV9N5jcIRzJdrAkd98zKDrreB1jXwc5aajELBX8DTyfjRmHWiwsQywKzXDHsYfVvA==}
    peerDependencies:
      zustand: ^4.1.3
    dependencies:
      '@liveblocks/client': 1.9.6
      '@liveblocks/core': 1.9.6
      zustand: 4.4.7(@types/react@18.0.28)(react@18.2.0)
    dev: false

  /@next/env@13.1.6:
    resolution: {integrity: sha512-s+W9Fdqh5MFk6ECrbnVmmAOwxKQuhGMT7xXHrkYIBMBcTiOqNWhv5KbJIboKR5STXxNXl32hllnvKaffzFaWQg==}
    dev: false

  /@next/swc-android-arm-eabi@13.1.6:
    resolution: {integrity: sha512-F3/6Z8LH/pGlPzR1AcjPFxx35mPqjE5xZcf+IL+KgbW9tMkp7CYi1y7qKrEWU7W4AumxX/8OINnDQWLiwLasLQ==}
    engines: {node: '>= 10'}
    cpu: [arm]
    os: [android]
    requiresBuild: true
    dev: false
    optional: true

  /@next/swc-android-arm64@13.1.6:
    resolution: {integrity: sha512-cMwQjnB8vrYkWyK/H0Rf2c2pKIH4RGjpKUDvbjVAit6SbwPDpmaijLio0LWFV3/tOnY6kvzbL62lndVA0mkYpw==}
    engines: {node: '>= 10'}
    cpu: [arm64]
    os: [android]
    requiresBuild: true
    dev: false
    optional: true

  /@next/swc-darwin-arm64@13.1.6:
    resolution: {integrity: sha512-KKRQH4DDE4kONXCvFMNBZGDb499Hs+xcFAwvj+rfSUssIDrZOlyfJNy55rH5t2Qxed1e4K80KEJgsxKQN1/fyw==}
    engines: {node: '>= 10'}
    cpu: [arm64]
    os: [darwin]
    requiresBuild: true
    dev: false
    optional: true

  /@next/swc-darwin-x64@13.1.6:
    resolution: {integrity: sha512-/uOky5PaZDoaU99ohjtNcDTJ6ks/gZ5ykTQDvNZDjIoCxFe3+t06bxsTPY6tAO6uEAw5f6vVFX5H5KLwhrkZCA==}
    engines: {node: '>= 10'}
    cpu: [x64]
    os: [darwin]
    requiresBuild: true
    dev: false
    optional: true

  /@next/swc-freebsd-x64@13.1.6:
    resolution: {integrity: sha512-qaEALZeV7to6weSXk3Br80wtFQ7cFTpos/q+m9XVRFggu+8Ib895XhMWdJBzew6aaOcMvYR6KQ6JmHA2/eMzWw==}
    engines: {node: '>= 10'}
    cpu: [x64]
    os: [freebsd]
    requiresBuild: true
    dev: false
    optional: true

  /@next/swc-linux-arm-gnueabihf@13.1.6:
    resolution: {integrity: sha512-OybkbC58A1wJ+JrJSOjGDvZzrVEQA4sprJejGqMwiZyLqhr9Eo8FXF0y6HL+m1CPCpPhXEHz/2xKoYsl16kNqw==}
    engines: {node: '>= 10'}
    cpu: [arm]
    os: [linux]
    requiresBuild: true
    dev: false
    optional: true

  /@next/swc-linux-arm64-gnu@13.1.6:
    resolution: {integrity: sha512-yCH+yDr7/4FDuWv6+GiYrPI9kcTAO3y48UmaIbrKy8ZJpi7RehJe3vIBRUmLrLaNDH3rY1rwoHi471NvR5J5NQ==}
    engines: {node: '>= 10'}
    cpu: [arm64]
    os: [linux]
    requiresBuild: true
    dev: false
    optional: true

  /@next/swc-linux-arm64-musl@13.1.6:
    resolution: {integrity: sha512-ECagB8LGX25P9Mrmlc7Q/TQBb9rGScxHbv/kLqqIWs2fIXy6Y/EiBBiM72NTwuXUFCNrWR4sjUPSooVBJJ3ESQ==}
    engines: {node: '>= 10'}
    cpu: [arm64]
    os: [linux]
    requiresBuild: true
    dev: false
    optional: true

  /@next/swc-linux-x64-gnu@13.1.6:
    resolution: {integrity: sha512-GT5w2mruk90V/I5g6ScuueE7fqj/d8Bui2qxdw6lFxmuTgMeol5rnzAv4uAoVQgClOUO/MULilzlODg9Ib3Y4Q==}
    engines: {node: '>= 10'}
    cpu: [x64]
    os: [linux]
    requiresBuild: true
    dev: false
    optional: true

  /@next/swc-linux-x64-musl@13.1.6:
    resolution: {integrity: sha512-keFD6KvwOPzmat4TCnlnuxJCQepPN+8j3Nw876FtULxo8005Y9Ghcl7ACcR8GoiKoddAq8gxNBrpjoxjQRHeAQ==}
    engines: {node: '>= 10'}
    cpu: [x64]
    os: [linux]
    requiresBuild: true
    dev: false
    optional: true

  /@next/swc-win32-arm64-msvc@13.1.6:
    resolution: {integrity: sha512-OwertslIiGQluFvHyRDzBCIB07qJjqabAmINlXUYt7/sY7Q7QPE8xVi5beBxX/rxTGPIbtyIe3faBE6Z2KywhQ==}
    engines: {node: '>= 10'}
    cpu: [arm64]
    os: [win32]
    requiresBuild: true
    dev: false
    optional: true

  /@next/swc-win32-ia32-msvc@13.1.6:
    resolution: {integrity: sha512-g8zowiuP8FxUR9zslPmlju7qYbs2XBtTLVSxVikPtUDQedhcls39uKYLvOOd1JZg0ehyhopobRoH1q+MHlIN/w==}
    engines: {node: '>= 10'}
    cpu: [ia32]
    os: [win32]
    requiresBuild: true
    dev: false
    optional: true

  /@next/swc-win32-x64-msvc@13.1.6:
    resolution: {integrity: sha512-Ls2OL9hi3YlJKGNdKv8k3X/lLgc3VmLG3a/DeTkAd+lAituJp8ZHmRmm9f9SL84fT3CotlzcgbdaCDfFwFA6bA==}
    engines: {node: '>= 10'}
    cpu: [x64]
    os: [win32]
    requiresBuild: true
    dev: false
    optional: true

  /@reactflow/background@11.3.6(@types/react@18.0.28)(react-dom@18.2.0)(react@18.2.0):
    resolution: {integrity: sha512-06FPlSUOOMALEEs+2PqPAbpqmL7WDjrkbG2UsDr2d6mbcDDhHiV4tu9FYoz44SQvXo7ma9VRotlsaR4OiRcYsg==}
    peerDependencies:
      react: '>=17'
      react-dom: '>=17'
    dependencies:
      '@reactflow/core': 11.10.1(@types/react@18.0.28)(react-dom@18.2.0)(react@18.2.0)
      classcat: 5.0.4
      react: 18.2.0
      react-dom: 18.2.0(react@18.2.0)
      zustand: 4.4.7(@types/react@18.0.28)(react@18.2.0)
    transitivePeerDependencies:
      - '@types/react'
      - immer
    dev: false

  /@reactflow/controls@11.2.6(@types/react@18.0.28)(react-dom@18.2.0)(react@18.2.0):
    resolution: {integrity: sha512-4QHT92/ACVlZkvV+Hq44bAPV8WbMhkJl+/J0EbXcqQ1+an7cWJsF84eeelJw7R5J76RoaSSpKdsWsL2v7HAVlw==}
    peerDependencies:
      react: '>=17'
      react-dom: '>=17'
    dependencies:
      '@reactflow/core': 11.10.1(@types/react@18.0.28)(react-dom@18.2.0)(react@18.2.0)
      classcat: 5.0.4
      react: 18.2.0
      react-dom: 18.2.0(react@18.2.0)
      zustand: 4.4.7(@types/react@18.0.28)(react@18.2.0)
    transitivePeerDependencies:
      - '@types/react'
      - immer
    dev: false

  /@reactflow/core@11.10.1(@types/react@18.0.28)(react-dom@18.2.0)(react@18.2.0):
    resolution: {integrity: sha512-GIh3usY1W3eVobx//OO9+Cwm+5evQBBdPGxDaeXwm25UqPMWRI240nXQA5F/5gL5Mwpf0DUC7DR2EmrKNQy+Rw==}
    peerDependencies:
      react: '>=17'
      react-dom: '>=17'
    dependencies:
      '@types/d3': 7.4.3
      '@types/d3-drag': 3.0.7
      '@types/d3-selection': 3.0.10
      '@types/d3-zoom': 3.0.8
      classcat: 5.0.4
      d3-drag: 3.0.0
      d3-selection: 3.0.0
      d3-zoom: 3.0.0
      react: 18.2.0
      react-dom: 18.2.0(react@18.2.0)
      zustand: 4.4.7(@types/react@18.0.28)(react@18.2.0)
    transitivePeerDependencies:
      - '@types/react'
      - immer
    dev: false

  /@reactflow/minimap@11.7.6(@types/react@18.0.28)(react-dom@18.2.0)(react@18.2.0):
    resolution: {integrity: sha512-kJEtyeQkTZYViLGebVWHVUJROMAGcvejvT+iX4DqKnFb5yK8E8LWlXQpRx2FrL9gDy80mJJaciy7IxnnQKE1bg==}
    peerDependencies:
      react: '>=17'
      react-dom: '>=17'
    dependencies:
      '@reactflow/core': 11.10.1(@types/react@18.0.28)(react-dom@18.2.0)(react@18.2.0)
      '@types/d3-selection': 3.0.10
      '@types/d3-zoom': 3.0.8
      classcat: 5.0.4
      d3-selection: 3.0.0
      d3-zoom: 3.0.0
      react: 18.2.0
      react-dom: 18.2.0(react@18.2.0)
      zustand: 4.4.7(@types/react@18.0.28)(react@18.2.0)
    transitivePeerDependencies:
      - '@types/react'
      - immer
    dev: false

  /@reactflow/node-resizer@2.2.6(@types/react@18.0.28)(react-dom@18.2.0)(react@18.2.0):
    resolution: {integrity: sha512-1Xb6q97uP7hRBLpog9sRCNfnsHdDgFRGEiU+lQqGgPEAeYwl4nRjWa/sXwH6ajniKxBhGEvrdzOgEFn6CRMcpQ==}
    peerDependencies:
      react: '>=17'
      react-dom: '>=17'
    dependencies:
      '@reactflow/core': 11.10.1(@types/react@18.0.28)(react-dom@18.2.0)(react@18.2.0)
      classcat: 5.0.4
      d3-drag: 3.0.0
      d3-selection: 3.0.0
      react: 18.2.0
      react-dom: 18.2.0(react@18.2.0)
      zustand: 4.4.7(@types/react@18.0.28)(react@18.2.0)
    transitivePeerDependencies:
      - '@types/react'
      - immer
    dev: false

  /@reactflow/node-toolbar@1.3.6(@types/react@18.0.28)(react-dom@18.2.0)(react@18.2.0):
    resolution: {integrity: sha512-JXDEuZ0wKjZ8z7qK2bIst0eZPzNyVEsiHL0e93EyuqT4fA9icoyE0fLq2ryNOOp7MXgId1h7LusnH6ta45F0yQ==}
    peerDependencies:
      react: '>=17'
      react-dom: '>=17'
    dependencies:
      '@reactflow/core': 11.10.1(@types/react@18.0.28)(react-dom@18.2.0)(react@18.2.0)
      classcat: 5.0.4
      react: 18.2.0
      react-dom: 18.2.0(react@18.2.0)
      zustand: 4.4.7(@types/react@18.0.28)(react@18.2.0)
    transitivePeerDependencies:
      - '@types/react'
      - immer
    dev: false

  /@swc/helpers@0.4.14:
    resolution: {integrity: sha512-4C7nX/dvpzB7za4Ql9K81xK3HPxCpHMgwTZVyf+9JQ6VUbn9jjZVN7/Nkdz/Ugzs2CSjqnL/UPXroiVBVHUWUw==}
    dependencies:
      tslib: 2.6.2
    dev: false

  /@types/d3-array@3.2.1:
    resolution: {integrity: sha512-Y2Jn2idRrLzUfAKV2LyRImR+y4oa2AntrgID95SHJxuMUrkNXmanDSed71sRNZysveJVt1hLLemQZIady0FpEg==}
    dev: false

  /@types/d3-axis@3.0.6:
    resolution: {integrity: sha512-pYeijfZuBd87T0hGn0FO1vQ/cgLk6E1ALJjfkC0oJ8cbwkZl3TpgS8bVBLZN+2jjGgg38epgxb2zmoGtSfvgMw==}
    dependencies:
      '@types/d3-selection': 3.0.10
    dev: false

  /@types/d3-brush@3.0.6:
    resolution: {integrity: sha512-nH60IZNNxEcrh6L1ZSMNA28rj27ut/2ZmI3r96Zd+1jrZD++zD3LsMIjWlvg4AYrHn/Pqz4CF3veCxGjtbqt7A==}
    dependencies:
      '@types/d3-selection': 3.0.10
    dev: false

  /@types/d3-chord@3.0.6:
    resolution: {integrity: sha512-LFYWWd8nwfwEmTZG9PfQxd17HbNPksHBiJHaKuY1XeqscXacsS2tyoo6OdRsjf+NQYeB6XrNL3a25E3gH69lcg==}
    dev: false

  /@types/d3-color@3.1.3:
    resolution: {integrity: sha512-iO90scth9WAbmgv7ogoq57O9YpKmFBbmoEoCHDB2xMBY0+/KVrqAaCDyCE16dUspeOvIxFFRI+0sEtqDqy2b4A==}
    dev: false

  /@types/d3-contour@3.0.6:
    resolution: {integrity: sha512-BjzLgXGnCWjUSYGfH1cpdo41/hgdWETu4YxpezoztawmqsvCeep+8QGfiY6YbDvfgHz/DkjeIkkZVJavB4a3rg==}
    dependencies:
      '@types/d3-array': 3.2.1
      '@types/geojson': 7946.0.13
    dev: false

  /@types/d3-delaunay@6.0.4:
    resolution: {integrity: sha512-ZMaSKu4THYCU6sV64Lhg6qjf1orxBthaC161plr5KuPHo3CNm8DTHiLw/5Eq2b6TsNP0W0iJrUOFscY6Q450Hw==}
    dev: false

  /@types/d3-dispatch@3.0.6:
    resolution: {integrity: sha512-4fvZhzMeeuBJYZXRXrRIQnvUYfyXwYmLsdiN7XXmVNQKKw1cM8a5WdID0g1hVFZDqT9ZqZEY5pD44p24VS7iZQ==}
    dev: false

  /@types/d3-drag@3.0.7:
    resolution: {integrity: sha512-HE3jVKlzU9AaMazNufooRJ5ZpWmLIoc90A37WU2JMmeq28w1FQqCZswHZ3xR+SuxYftzHq6WU6KJHvqxKzTxxQ==}
    dependencies:
      '@types/d3-selection': 3.0.10
    dev: false

  /@types/d3-dsv@3.0.7:
    resolution: {integrity: sha512-n6QBF9/+XASqcKK6waudgL0pf/S5XHPPI8APyMLLUHd8NqouBGLsU8MgtO7NINGtPBtk9Kko/W4ea0oAspwh9g==}
    dev: false

  /@types/d3-ease@3.0.2:
    resolution: {integrity: sha512-NcV1JjO5oDzoK26oMzbILE6HW7uVXOHLQvHshBUW4UMdZGfiY6v5BeQwh9a9tCzv+CeefZQHJt5SRgK154RtiA==}
    dev: false

  /@types/d3-fetch@3.0.7:
    resolution: {integrity: sha512-fTAfNmxSb9SOWNB9IoG5c8Hg6R+AzUHDRlsXsDZsNp6sxAEOP0tkP3gKkNSO/qmHPoBFTxNrjDprVHDQDvo5aA==}
    dependencies:
      '@types/d3-dsv': 3.0.7
    dev: false

  /@types/d3-force@3.0.9:
    resolution: {integrity: sha512-IKtvyFdb4Q0LWna6ymywQsEYjK/94SGhPrMfEr1TIc5OBeziTi+1jcCvttts8e0UWZIxpasjnQk9MNk/3iS+kA==}
    dev: false

  /@types/d3-format@3.0.4:
    resolution: {integrity: sha512-fALi2aI6shfg7vM5KiR1wNJnZ7r6UuggVqtDA+xiEdPZQwy/trcQaHnwShLuLdta2rTymCNpxYTiMZX/e09F4g==}
    dev: false

  /@types/d3-geo@3.1.0:
    resolution: {integrity: sha512-856sckF0oP/diXtS4jNsiQw/UuK5fQG8l/a9VVLeSouf1/PPbBE1i1W852zVwKwYCBkFJJB7nCFTbk6UMEXBOQ==}
    dependencies:
      '@types/geojson': 7946.0.13
    dev: false

  /@types/d3-hierarchy@3.1.6:
    resolution: {integrity: sha512-qlmD/8aMk5xGorUvTUWHCiumvgaUXYldYjNVOWtYoTYY/L+WwIEAmJxUmTgr9LoGNG0PPAOmqMDJVDPc7DOpPw==}
    dev: false

  /@types/d3-interpolate@3.0.4:
    resolution: {integrity: sha512-mgLPETlrpVV1YRJIglr4Ez47g7Yxjl1lj7YKsiMCb27VJH9W8NVM6Bb9d8kkpG/uAQS5AmbA48q2IAolKKo1MA==}
    dependencies:
      '@types/d3-color': 3.1.3
    dev: false

  /@types/d3-path@3.0.2:
    resolution: {integrity: sha512-WAIEVlOCdd/NKRYTsqCpOMHQHemKBEINf8YXMYOtXH0GA7SY0dqMB78P3Uhgfy+4X+/Mlw2wDtlETkN6kQUCMA==}
    dev: false

  /@types/d3-polygon@3.0.2:
    resolution: {integrity: sha512-ZuWOtMaHCkN9xoeEMr1ubW2nGWsp4nIql+OPQRstu4ypeZ+zk3YKqQT0CXVe/PYqrKpZAi+J9mTs05TKwjXSRA==}
    dev: false

  /@types/d3-quadtree@3.0.6:
    resolution: {integrity: sha512-oUzyO1/Zm6rsxKRHA1vH0NEDG58HrT5icx/azi9MF1TWdtttWl0UIUsjEQBBh+SIkrpd21ZjEv7ptxWys1ncsg==}
    dev: false

  /@types/d3-random@3.0.3:
    resolution: {integrity: sha512-Imagg1vJ3y76Y2ea0871wpabqp613+8/r0mCLEBfdtqC7xMSfj9idOnmBYyMoULfHePJyxMAw3nWhJxzc+LFwQ==}
    dev: false

  /@types/d3-scale-chromatic@3.0.3:
    resolution: {integrity: sha512-laXM4+1o5ImZv3RpFAsTRn3TEkzqkytiOY0Dz0sq5cnd1dtNlk6sHLon4OvqaiJb28T0S/TdsBI3Sjsy+keJrw==}
    dev: false

  /@types/d3-scale@4.0.8:
    resolution: {integrity: sha512-gkK1VVTr5iNiYJ7vWDI+yUFFlszhNMtVeneJ6lUTKPjprsvLLI9/tgEGiXJOnlINJA8FyA88gfnQsHbybVZrYQ==}
    dependencies:
      '@types/d3-time': 3.0.3
    dev: false

  /@types/d3-selection@3.0.10:
    resolution: {integrity: sha512-cuHoUgS/V3hLdjJOLTT691+G2QoqAjCVLmr4kJXR4ha56w1Zdu8UUQ5TxLRqudgNjwXeQxKMq4j+lyf9sWuslg==}
    dev: false

  /@types/d3-shape@3.1.6:
    resolution: {integrity: sha512-5KKk5aKGu2I+O6SONMYSNflgiP0WfZIQvVUMan50wHsLG1G94JlxEVnCpQARfTtzytuY0p/9PXXZb3I7giofIA==}
    dependencies:
      '@types/d3-path': 3.0.2
    dev: false

  /@types/d3-time-format@4.0.3:
    resolution: {integrity: sha512-5xg9rC+wWL8kdDj153qZcsJ0FWiFt0J5RB6LYUNZjwSnesfblqrI/bJ1wBdJ8OQfncgbJG5+2F+qfqnqyzYxyg==}
    dev: false

  /@types/d3-time@3.0.3:
    resolution: {integrity: sha512-2p6olUZ4w3s+07q3Tm2dbiMZy5pCDfYwtLXXHUnVzXgQlZ/OyPtUz6OL382BkOuGlLXqfT+wqv8Fw2v8/0geBw==}
    dev: false

  /@types/d3-timer@3.0.2:
    resolution: {integrity: sha512-Ps3T8E8dZDam6fUyNiMkekK3XUsaUEik+idO9/YjPtfj2qruF8tFBXS7XhtE4iIXBLxhmLjP3SXpLhVf21I9Lw==}
    dev: false

  /@types/d3-transition@3.0.8:
    resolution: {integrity: sha512-ew63aJfQ/ms7QQ4X7pk5NxQ9fZH/z+i24ZfJ6tJSfqxJMrYLiK01EAs2/Rtw/JreGUsS3pLPNV644qXFGnoZNQ==}
    dependencies:
      '@types/d3-selection': 3.0.10
    dev: false

  /@types/d3-zoom@3.0.8:
    resolution: {integrity: sha512-iqMC4/YlFCSlO8+2Ii1GGGliCAY4XdeG748w5vQUbevlbDu0zSjH/+jojorQVBK/se0j6DUFNPBGSqD3YWYnDw==}
    dependencies:
      '@types/d3-interpolate': 3.0.4
      '@types/d3-selection': 3.0.10
    dev: false

  /@types/d3@7.4.3:
    resolution: {integrity: sha512-lZXZ9ckh5R8uiFVt8ogUNf+pIrK4EsWrx2Np75WvF/eTpJ0FMHNhjXk8CKEx/+gpHbNQyJWehbFaTvqmHWB3ww==}
    dependencies:
      '@types/d3-array': 3.2.1
      '@types/d3-axis': 3.0.6
      '@types/d3-brush': 3.0.6
      '@types/d3-chord': 3.0.6
      '@types/d3-color': 3.1.3
      '@types/d3-contour': 3.0.6
      '@types/d3-delaunay': 6.0.4
      '@types/d3-dispatch': 3.0.6
      '@types/d3-drag': 3.0.7
      '@types/d3-dsv': 3.0.7
      '@types/d3-ease': 3.0.2
      '@types/d3-fetch': 3.0.7
      '@types/d3-force': 3.0.9
      '@types/d3-format': 3.0.4
      '@types/d3-geo': 3.1.0
      '@types/d3-hierarchy': 3.1.6
      '@types/d3-interpolate': 3.0.4
      '@types/d3-path': 3.0.2
      '@types/d3-polygon': 3.0.2
      '@types/d3-quadtree': 3.0.6
      '@types/d3-random': 3.0.3
      '@types/d3-scale': 4.0.8
      '@types/d3-scale-chromatic': 3.0.3
      '@types/d3-selection': 3.0.10
      '@types/d3-shape': 3.1.6
      '@types/d3-time': 3.0.3
      '@types/d3-time-format': 4.0.3
      '@types/d3-timer': 3.0.2
      '@types/d3-transition': 3.0.8
      '@types/d3-zoom': 3.0.8
    dev: false

  /@types/geojson@7946.0.13:
    resolution: {integrity: sha512-bmrNrgKMOhM3WsafmbGmC+6dsF2Z308vLFsQ3a/bT8X8Sv5clVYpPars/UPq+sAaJP+5OoLAYgwbkS5QEJdLUQ==}
    dev: false

  /@types/node@18.13.0:
    resolution: {integrity: sha512-gC3TazRzGoOnoKAhUx+Q0t8S9Tzs74z7m0ipwGpSqQrleP14hKxP4/JUeEQcD3W1/aIpnWl8pHowI7WokuZpXg==}
    dev: false

  /@types/prop-types@15.7.11:
    resolution: {integrity: sha512-ga8y9v9uyeiLdpKddhxYQkxNDrfvuPrlFb0N1qnZZByvcElJaXthF1UhvCh9TLWJBEHeNtdnbysW7Y6Uq8CVng==}
    dev: false

  /@types/react-dom@18.0.11:
    resolution: {integrity: sha512-O38bPbI2CWtgw/OoQoY+BRelw7uysmXbWvw3nLWO21H1HSh+GOlqPuXshJfjmpNlKiiSDG9cc1JZAaMmVdcTlw==}
    dependencies:
      '@types/react': 18.0.28
    dev: false

  /@types/react@18.0.28:
    resolution: {integrity: sha512-RD0ivG1kEztNBdoAK7lekI9M+azSnitIn85h4iOiaLjaTrMjzslhaqCGaI4IyCJ1RljWiLCEu4jyrLLgqxBTew==}
    dependencies:
      '@types/prop-types': 15.7.11
      '@types/scheduler': 0.16.8
      csstype: 3.1.3
    dev: false

  /@types/scheduler@0.16.8:
    resolution: {integrity: sha512-WZLiwShhwLRmeV6zH+GkbOFT6Z6VklCItrDioxUnv+u4Ll+8vKeFySoFyK/0ctcRpOmwAicELfmys1sDc/Rw+A==}
    dev: false

  /caniuse-lite@1.0.30001576:
    resolution: {integrity: sha512-ff5BdakGe2P3SQsMsiqmt1Lc8221NR1VzHj5jXN5vBny9A6fpze94HiVV/n7XRosOlsShJcvMv5mdnpjOGCEgg==}
    dev: false

  /classcat@5.0.4:
    resolution: {integrity: sha512-sbpkOw6z413p+HDGcBENe498WM9woqWHiJxCq7nvmxe9WmrUmqfAcxpIwAiMtM5Q3AhYkzXcNQHqsWq0mND51g==}
    dev: false

  /client-only@0.0.1:
    resolution: {integrity: sha512-IV3Ou0jSMzZrd3pZ48nLkT9DA7Ag1pnPzaiQhpW7c3RbcqqzvzzVu+L8gfqMp/8IM2MQtSiqaCxrrcfu8I8rMA==}
    dev: false

  /csstype@3.1.3:
    resolution: {integrity: sha512-M1uQkMl8rQK/szD0LNhtqxIPLpimGm8sOBwU7lLnCpSbTyY3yeU1Vc7l4KT5zT4s/yOxHH5O7tIuuLOCnLADRw==}
    dev: false

  /d3-color@3.1.0:
    resolution: {integrity: sha512-zg/chbXyeBtMQ1LbD/WSoW2DpC3I0mpmPdW+ynRTj/x2DAWYrIY7qeZIHidozwV24m4iavr15lNwIwLxRmOxhA==}
    engines: {node: '>=12'}
    dev: false

  /d3-dispatch@3.0.1:
    resolution: {integrity: sha512-rzUyPU/S7rwUflMyLc1ETDeBj0NRuHKKAcvukozwhshr6g6c5d8zh4c2gQjY2bZ0dXeGLWc1PF174P2tVvKhfg==}
    engines: {node: '>=12'}
    dev: false

  /d3-drag@3.0.0:
    resolution: {integrity: sha512-pWbUJLdETVA8lQNJecMxoXfH6x+mO2UQo8rSmZ+QqxcbyA3hfeprFgIT//HW2nlHChWeIIMwS2Fq+gEARkhTkg==}
    engines: {node: '>=12'}
    dependencies:
      d3-dispatch: 3.0.1
      d3-selection: 3.0.0
    dev: false

  /d3-ease@3.0.1:
    resolution: {integrity: sha512-wR/XK3D3XcLIZwpbvQwQ5fK+8Ykds1ip7A2Txe0yxncXSdq1L9skcG7blcedkOX+ZcgxGAmLX1FrRGbADwzi0w==}
    engines: {node: '>=12'}
    dev: false

  /d3-interpolate@3.0.1:
    resolution: {integrity: sha512-3bYs1rOD33uo8aqJfKP3JWPAibgw8Zm2+L9vBKEHJ2Rg+viTR7o5Mmv5mZcieN+FRYaAOWX5SJATX6k1PWz72g==}
    engines: {node: '>=12'}
    dependencies:
      d3-color: 3.1.0
    dev: false

  /d3-selection@3.0.0:
    resolution: {integrity: sha512-fmTRWbNMmsmWq6xJV8D19U/gw/bwrHfNXxrIN+HfZgnzqTHp9jOmKMhsTUjXOJnZOdZY9Q28y4yebKzqDKlxlQ==}
    engines: {node: '>=12'}
    dev: false

  /d3-timer@3.0.1:
    resolution: {integrity: sha512-ndfJ/JxxMd3nw31uyKoY2naivF+r29V+Lc0svZxe1JvvIRmi8hUsrMvdOwgS1o6uBHmiz91geQ0ylPP0aj1VUA==}
    engines: {node: '>=12'}
    dev: false

  /d3-transition@3.0.1(d3-selection@3.0.0):
    resolution: {integrity: sha512-ApKvfjsSR6tg06xrL434C0WydLr7JewBB3V+/39RMHsaXTOG0zmt/OAXeng5M5LBm0ojmxJrpomQVZ1aPvBL4w==}
    engines: {node: '>=12'}
    peerDependencies:
      d3-selection: 2 - 3
    dependencies:
      d3-color: 3.1.0
      d3-dispatch: 3.0.1
      d3-ease: 3.0.1
      d3-interpolate: 3.0.1
      d3-selection: 3.0.0
      d3-timer: 3.0.1
    dev: false

  /d3-zoom@3.0.0:
    resolution: {integrity: sha512-b8AmV3kfQaqWAuacbPuNbL6vahnOJflOhexLzMMNLga62+/nh0JzvJ0aO/5a5MVgUFGS7Hu1P9P03o3fJkDCyw==}
    engines: {node: '>=12'}
    dependencies:
      d3-dispatch: 3.0.1
      d3-drag: 3.0.0
      d3-interpolate: 3.0.1
      d3-selection: 3.0.0
      d3-transition: 3.0.1(d3-selection@3.0.0)
    dev: false

  /js-tokens@4.0.0:
    resolution: {integrity: sha512-RdJUflcE3cUzKiMqQgsCu06FPu9UdIJO0beYbPhHN4k6apgJtifcoCtT9bcxOpYBtpD2kCM6Sbzg4CausW/PKQ==}
    dev: false

  /loose-envify@1.4.0:
    resolution: {integrity: sha512-lyuxPGr/Wfhrlem2CL/UcnUc1zcqKAImBDzukY7Y5F/yQiNdko6+fRLevlw1HgMySw7f611UIY408EtxRSoK3Q==}
    hasBin: true
    dependencies:
      js-tokens: 4.0.0
    dev: false

  /nanoid@3.3.7:
    resolution: {integrity: sha512-eSRppjcPIatRIMC1U6UngP8XFcz8MQWGQdt1MTBQ7NaAmvXDfvNxbvWV3x2y6CdEUciCSsDHDQZbhYaB8QEo2g==}
    engines: {node: ^10 || ^12 || ^13.7 || ^14 || >=15.0.1}
    hasBin: true
    dev: false

  /next@13.1.6(react-dom@18.2.0)(react@18.2.0):
    resolution: {integrity: sha512-hHlbhKPj9pW+Cymvfzc15lvhaOZ54l+8sXDXJWm3OBNBzgrVj6hwGPmqqsXg40xO1Leq+kXpllzRPuncpC0Phw==}
    engines: {node: '>=14.6.0'}
    hasBin: true
    peerDependencies:
      fibers: '>= 3.1.0'
      node-sass: ^6.0.0 || ^7.0.0
      react: ^18.2.0
      react-dom: ^18.2.0
      sass: ^1.3.0
    peerDependenciesMeta:
      fibers:
        optional: true
      node-sass:
        optional: true
      sass:
        optional: true
    dependencies:
      '@next/env': 13.1.6
      '@swc/helpers': 0.4.14
      caniuse-lite: 1.0.30001576
      postcss: 8.4.14
      react: 18.2.0
      react-dom: 18.2.0(react@18.2.0)
      styled-jsx: 5.1.1(react@18.2.0)
    optionalDependencies:
      '@next/swc-android-arm-eabi': 13.1.6
      '@next/swc-android-arm64': 13.1.6
      '@next/swc-darwin-arm64': 13.1.6
      '@next/swc-darwin-x64': 13.1.6
      '@next/swc-freebsd-x64': 13.1.6
      '@next/swc-linux-arm-gnueabihf': 13.1.6
      '@next/swc-linux-arm64-gnu': 13.1.6
      '@next/swc-linux-arm64-musl': 13.1.6
      '@next/swc-linux-x64-gnu': 13.1.6
      '@next/swc-linux-x64-musl': 13.1.6
      '@next/swc-win32-arm64-msvc': 13.1.6
      '@next/swc-win32-ia32-msvc': 13.1.6
      '@next/swc-win32-x64-msvc': 13.1.6
    transitivePeerDependencies:
      - '@babel/core'
      - babel-plugin-macros
    dev: false

  /picocolors@1.0.0:
    resolution: {integrity: sha512-1fygroTLlHu66zi26VoTDv8yRgm0Fccecssto+MhsZ0D/DGW2sm8E8AjW7NU5VVTRt5GxbeZ5qBuJr+HyLYkjQ==}
    dev: false

  /postcss@8.4.14:
    resolution: {integrity: sha512-E398TUmfAYFPBSdzgeieK2Y1+1cpdxJx8yXbK/m57nRhKSmk1GB2tO4lbLBtlkfPQTDKfe4Xqv1ASWPpayPEig==}
    engines: {node: ^10 || ^12 || >=14}
    dependencies:
      nanoid: 3.3.7
      picocolors: 1.0.0
      source-map-js: 1.0.2
    dev: false

  /react-dom@18.2.0(react@18.2.0):
    resolution: {integrity: sha512-6IMTriUmvsjHUjNtEDudZfuDQUoWXVxKHhlEGSk81n4YFS+r/Kl99wXiwlVXtPBtJenozv2P+hxDsw9eA7Xo6g==}
    peerDependencies:
      react: ^18.2.0
    dependencies:
      loose-envify: 1.4.0
      react: 18.2.0
      scheduler: 0.23.0
    dev: false

  /react@18.2.0:
    resolution: {integrity: sha512-/3IjMdb2L9QbBdWiW5e3P2/npwMBaU9mHCSCUzNln0ZCYbcfTsGbTJrU/kGemdH2IWmB2ioZ+zkxtmq6g09fGQ==}
    engines: {node: '>=0.10.0'}
    dependencies:
      loose-envify: 1.4.0
    dev: false

  /reactflow@11.10.1(@types/react@18.0.28)(react-dom@18.2.0)(react@18.2.0):
    resolution: {integrity: sha512-Q616fElAc5/N37tMwjuRkkgm/VgmnLLTNNCj61z5mvJxae+/VXZQMfot1K6a5LLz9G3SVKqU97PMb9Ga1PRXew==}
    peerDependencies:
      react: '>=17'
      react-dom: '>=17'
    dependencies:
      '@reactflow/background': 11.3.6(@types/react@18.0.28)(react-dom@18.2.0)(react@18.2.0)
      '@reactflow/controls': 11.2.6(@types/react@18.0.28)(react-dom@18.2.0)(react@18.2.0)
      '@reactflow/core': 11.10.1(@types/react@18.0.28)(react-dom@18.2.0)(react@18.2.0)
      '@reactflow/minimap': 11.7.6(@types/react@18.0.28)(react-dom@18.2.0)(react@18.2.0)
      '@reactflow/node-resizer': 2.2.6(@types/react@18.0.28)(react-dom@18.2.0)(react@18.2.0)
      '@reactflow/node-toolbar': 1.3.6(@types/react@18.0.28)(react-dom@18.2.0)(react@18.2.0)
      react: 18.2.0
      react-dom: 18.2.0(react@18.2.0)
    transitivePeerDependencies:
      - '@types/react'
      - immer
    dev: false

  /scheduler@0.23.0:
    resolution: {integrity: sha512-CtuThmgHNg7zIZWAXi3AsyIzA3n4xx7aNyjwC2VJldO2LMVDhFK+63xGqq6CsJH4rTAt6/M+N4GhZiDYPx9eUw==}
    dependencies:
      loose-envify: 1.4.0
    dev: false

  /source-map-js@1.0.2:
    resolution: {integrity: sha512-R0XvVJ9WusLiqTCEiGCmICCMplcCkIwwR11mOSD9CR5u+IXYdiseeEuXCVAjS54zqwkLcPNnmU4OeJ6tUrWhDw==}
    engines: {node: '>=0.10.0'}
    dev: false

  /styled-jsx@5.1.1(react@18.2.0):
    resolution: {integrity: sha512-pW7uC1l4mBZ8ugbiZrcIsiIvVx1UmTfw7UkC3Um2tmfUq9Bhk8IiyEIPl6F8agHgjzku6j0xQEZbfA5uSgSaCw==}
    engines: {node: '>= 12.0.0'}
    peerDependencies:
      '@babel/core': '*'
      babel-plugin-macros: '*'
      react: '>= 16.8.0 || 17.x.x || ^18.0.0-0'
    peerDependenciesMeta:
      '@babel/core':
        optional: true
      babel-plugin-macros:
        optional: true
    dependencies:
      client-only: 0.0.1
      react: 18.2.0
    dev: false

  /tslib@2.6.2:
    resolution: {integrity: sha512-AEYxH93jGFPn/a2iVAwW87VuUIkR1FVUKB77NwMF7nBTDkDrrT/Hpt/IrCJ0QXhW27jTBDcf5ZY7w6RiqTMw2Q==}
    dev: false

  /typescript@4.9.5:
    resolution: {integrity: sha512-1FXk9E2Hm+QzZQ7z+McJiHL4NW1F2EzMu9Nq9i3zAaGqibafqYwCVU6WyWAuyQRRzOlxou8xZSyXLEN8oKj24g==}
    engines: {node: '>=4.2.0'}
    hasBin: true
    dev: false

  /use-sync-external-store@1.2.0(react@18.2.0):
    resolution: {integrity: sha512-eEgnFxGQ1Ife9bzYs6VLi8/4X6CObHMw9Qr9tPY43iKwsPw8xE8+EFsf/2cFZ5S3esXgpWgtSCtLNS41F+sKPA==}
    peerDependencies:
      react: ^16.8.0 || ^17.0.0 || ^18.0.0
    dependencies:
      react: 18.2.0
    dev: false

  /zustand@4.4.7(@types/react@18.0.28)(react@18.2.0):
    resolution: {integrity: sha512-QFJWJMdlETcI69paJwhSMJz7PPWjVP8Sjhclxmxmxv/RYI7ZOvR5BHX+ktH0we9gTWQMxcne8q1OY8xxz604gw==}
    engines: {node: '>=12.7.0'}
    peerDependencies:
      '@types/react': '>=16.8'
      immer: '>=9.0'
      react: '>=16.8'
    peerDependenciesMeta:
      '@types/react':
        optional: true
      immer:
        optional: true
      react:
        optional: true
    dependencies:
      '@types/react': 18.0.28
      react: 18.2.0
      use-sync-external-store: 1.2.0(react@18.2.0)
    dev: false
